
Microsoft Visual Studio Solution File, Format Version 12.00
# Visual Studio Version 17
VisualStudioVersion = 17.4.33403.182
MinimumVisualStudioVersion = 10.0.40219.1
Project("{FAE04EC0-301F-11D3-BF4B-00C04F79EFBC}") = "Test.API", "Test.API\Test.API.csproj", "{66D2FBA7-DB4A-4918-80A8-50C5972C27E6}"
EndProject
Project("{FAE04EC0-301F-11D3-BF4B-00C04F79EFBC}") = "Test.Shared", "Test.Shared\Test.Shared.csproj", "{1658D451-6EC3-4031-8D94-48A3BAB240D4}"
EndProject
Global
	GlobalSection(SolutionConfigurationPlatforms) = preSolution
		Debug|Any CPU = Debug|Any CPU
		Release|Any CPU = Release|Any CPU
	EndGlobalSection
	GlobalSection(ProjectConfigurationPlatforms) = postSolution
		{66D2FBA7-DB4A-4918-80A8-50C5972C27E6}.Debug|Any CPU.ActiveCfg = Debug|Any CPU
		{66D2FBA7-DB4A-4918-80A8-50C5972C27E6}.Debug|Any CPU.Build.0 = Debug|Any CPU
		{66D2FBA7-DB4A-4918-80A8-50C5972C27E6}.Release|Any CPU.ActiveCfg = Release|Any CPU
		{66D2FBA7-DB4A-4918-80A8-50C5972C27E6}.Release|Any CPU.Build.0 = Release|Any CPU
		{1658D451-6EC3-4031-8D94-48A3BAB240D4}.Debug|Any CPU.ActiveCfg = Debug|Any CPU
		{1658D451-6EC3-4031-8D94-48A3BAB240D4}.Debug|Any CPU.Build.0 = Debug|Any CPU
		{1658D451-6EC3-4031-8D94-48A3BAB240D4}.Release|Any CPU.ActiveCfg = Release|Any CPU
		{1658D451-6EC3-4031-8D94-48A3BAB240D4}.Release|Any CPU.Build.0 = Release|Any CPU
	EndGlobalSection
	GlobalSection(SolutionProperties) = preSolution
		HideSolutionNode = FALSE
	EndGlobalSection
	GlobalSection(ExtensibilityGlobals) = postSolution
		SolutionGuid = {5EA402F4-01E8-42AE-89BE-DF018EE19107}
	EndGlobalSection
EndGlobal
